
Microsoft Visual Studio Solution File, Format Version 10.00
# Visual Studio 2008
Project("{FAE04EC0-301F-11D3-BF4B-00C04F79EFBC}") = "Proffing", "Proffing\Proffing.csproj", "{4EFF0986-32EF-4665-A818-0548364F580A}"
EndProject
Project("{FAE04EC0-301F-11D3-BF4B-00C04F79EFBC}") = "BLL", "..\BLL\BLL\BLL.csproj", "{5330C334-A57D-4C1B-8FD0-87BD33AABBE2}"
EndProject
Global
	GlobalSection(SolutionConfigurationPlatforms) = preSolution
		Debug|Any CPU = Debug|Any CPU
		Release|Any CPU = Release|Any CPU
	EndGlobalSection
	GlobalSection(ProjectConfigurationPlatforms) = postSolution
		{4EFF0986-32EF-4665-A818-0548364F580A}.Debug|Any CPU.ActiveCfg = Debug|Any CPU
		{4EFF0986-32EF-4665-A818-0548364F580A}.Debug|Any CPU.Build.0 = Debug|Any CPU
		{4EFF0986-32EF-4665-A818-0548364F580A}.Release|Any CPU.ActiveCfg = Release|Any CPU
		{4EFF0986-32EF-4665-A818-0548364F580A}.Release|Any CPU.Build.0 = Release|Any CPU
		{5330C334-A57D-4C1B-8FD0-87BD33AABBE2}.Debug|Any CPU.ActiveCfg = Debug|Any CPU
		{5330C334-A57D-4C1B-8FD0-87BD33AABBE2}.Debug|Any CPU.Build.0 = Debug|Any CPU
		{5330C334-A57D-4C1B-8FD0-87BD33AABBE2}.Release|Any CPU.ActiveCfg = Release|Any CPU
		{5330C334-A57D-4C1B-8FD0-87BD33AABBE2}.Release|Any CPU.Build.0 = Release|Any CPU
	EndGlobalSection
	GlobalSection(SolutionProperties) = preSolution
		HideSolutionNode = FALSE
	EndGlobalSection
EndGlobal
